{
  "name": "humble-steam-sync",
  "version": "2.3",
  "lockfileVersion": 3,
  "requires": true,
  "packages": {
    "": {
      "name": "humble-steam-sync",
      "version": "2.3",
      "license": "MIT",
      "devDependencies": {
        "@planetscale/database": "^1.7.0",
        "@types/node": "^20.2.1",
        "@vercel/edge": "^0.3.4",
        "typescript": "^5.0.4",
        "zod": "^3.21.4"
      }
    },
    "node_modules/@planetscale/database": {
      "version": "1.7.0",
      "resolved": "https://registry.npmjs.org/@planetscale/database/-/database-1.7.0.tgz",
      "integrity": "sha512-lWR6biXChUyQnxsT4RT1CIeR3ZJvwTQXiQ+158MnY3VjLwjHEGakDzdH9kwUGPk6CHvu6UeqRXp1DgUOVHJFTw==",
      "dev": true,
      "engines": {
        "node": ">=16"
      }
    },
    "node_modules/@types/node": {
      "version": "20.2.5",
      "resolved": "https://registry.npmjs.org/@types/node/-/node-20.2.5.tgz",
      "integrity": "sha512-JJulVEQXmiY9Px5axXHeYGLSjhkZEnD+MDPDGbCbIAbMslkKwmygtZFy1X6s/075Yo94sf8GuSlFfPzysQrWZQ==",
      "dev": true
    },
    "node_modules/@vercel/edge": {
      "version": "0.3.4",
      "resolved": "https://registry.npmjs.org/@vercel/edge/-/edge-0.3.4.tgz",
      "integrity": "sha512-dFU+yAUDQRwpuRGxRDlEO1LMq0y1LGsBgkyryQWe4w15/Fy2/lCnpvdIoAhHl3QvIGAxCLHzwRHsqfLRdpxgJQ==",
      "dev": true
    },
    "node_modules/typescript": {
      "version": "5.0.4",
      "resolved": "https://registry.npmjs.org/typescript/-/typescript-5.0.4.tgz",
      "integrity": "sha512-cW9T5W9xY37cc+jfEnaUvX91foxtHkza3Nw3wkoF4sSlKn0MONdkdEndig/qPBWXNkmplh3NzayQzCiHM4/hqw==",
      "dev": true,
      "bin": {
        "tsc": "bin/tsc",
        "tsserver": "bin/tsserver"
      },
      "engines": {
        "node": ">=12.20"
      }
    },
    "node_modules/zod": {
      "version": "3.21.4",
      "resolved": "https://registry.npmjs.org/zod/-/zod-3.21.4.tgz",
      "integrity": "sha512-m46AKbrzKVzOzs/DZgVnG5H55N1sv1M8qZU3A8RIKbs3mrACDNeIOeilDymVb2HdmP8uwshOCF4uJ8uM9rCqJw==",
      "dev": true,
      "funding": {
        "url": "https://github.com/sponsors/colinhacks"
      }
    }
  }
}
