lockfileVersion: '6.0'

settings:
  autoInstallPeers: true
  excludeLinksFromLockfile: false

dependencies:
  '@libsql/client':
    specifier: ^0.6.0
    version: 0.6.0
  '@types/node':
    specifier: ^20.9.0
    version: 20.12.7
  '@vercel/edge':
    specifier: ^0.3.4
    version: 0.3.4
  drizzle-orm:
    specifier: ^0.30.8
    version: 0.30.8(@libsql/client@0.6.0)
  typescript:
    specifier: ^5.2.2
    version: 5.4.5
  zod:
    specifier: ^3.22.4
    version: 3.22.4

packages:

  /@libsql/client@0.6.0:
    resolution: {integrity: sha512-qhQzTG/y2IEVbL3+9PULDvlQFWJ/RnjFXECr/Nc3nRngGiiMysDaOV5VUzYk7DulUX98EA4wi+z3FspKrUplUA==}
    dependencies:
      '@libsql/core': 0.6.0
      '@libsql/hrana-client': 0.6.0
      js-base64: 3.7.7
      libsql: 0.3.12
    transitivePeerDependencies:
      - bufferutil
      - utf-8-validate
    dev: false

  /@libsql/core@0.6.0:
    resolution: {integrity: sha512-affAB8vSqQwqI9NBDJ5uJCVaHoOAS2pOpbv1kWConh1SBbmJBnHHd4KG73RAJ2sgd2+NbT9WA+XJBqxgp28YSw==}
    dependencies:
      js-base64: 3.7.7
    dev: false

  /@libsql/darwin-arm64@0.3.12:
    resolution: {integrity: sha512-rBiMebxLgsShSEg73CibeuenlUMKXnaW/XoUk3tii1C1U7141w6k5VuF6/jnNl/cS7PMK/vy+2V5N/k++yvb9A==}
    cpu: [arm64]
    os: [darwin]
    requiresBuild: true
    dev: false
    optional: true

  /@libsql/darwin-x64@0.3.12:
    resolution: {integrity: sha512-T1yXSG1WukLq41hEWTU3G1kuV9TVoc+90KFs1KGluLrGvpj5l1QIff35hQlWWi6c1tfPsdlydR6qIO6AZdUwNg==}
    cpu: [x64]
    os: [darwin]
    requiresBuild: true
    dev: false
    optional: true

  /@libsql/hrana-client@0.6.0:
    resolution: {integrity: sha512-k+fqzdjqg3IvWfKmVJK5StsbjeTcyNAXFelUbXbGNz3yH1gEVT9mZ6kmhsIXP30ZSyVV0AE1Gi25p82mxC9hwg==}
    dependencies:
      '@libsql/isomorphic-fetch': 0.2.1
      '@libsql/isomorphic-ws': 0.1.5
      js-base64: 3.7.7
      node-fetch: 3.3.2
    transitivePeerDependencies:
      - bufferutil
      - utf-8-validate
    dev: false

  /@libsql/isomorphic-fetch@0.2.1:
    resolution: {integrity: sha512-Sv07QP1Aw8A5OOrmKgRUBKe2fFhF2hpGJhtHe3d1aRnTESZCGkn//0zDycMKTGamVWb3oLYRroOsCV8Ukes9GA==}
    dev: false

  /@libsql/isomorphic-ws@0.1.5:
    resolution: {integrity: sha512-DtLWIH29onUYR00i0GlQ3UdcTRC6EP4u9w/h9LxpUZJWRMARk6dQwZ6Jkd+QdwVpuAOrdxt18v0K2uIYR3fwFg==}
    dependencies:
      '@types/ws': 8.5.10
      ws: 8.16.0
    transitivePeerDependencies:
      - bufferutil
      - utf-8-validate
    dev: false

  /@libsql/linux-arm64-gnu@0.3.12:
    resolution: {integrity: sha512-1tmLuj02vySklkadwYEjvXFhyipyNr7oufe55tJK0hqvjQEcqfzBqAD3AHvPo41ug0qlrB2GRpiBlJtcIu2dMQ==}
    cpu: [arm64]
    os: [linux]
    requiresBuild: true
    dev: false
    optional: true

  /@libsql/linux-arm64-musl@0.3.12:
    resolution: {integrity: sha512-sM2NJTYe1FiixpJbebTllfV6uuSB1WIOfgQVHb7cJP0Jik5Kyq5F9n4reF6QKRivbPAn3kk6f5uRZKHBE6rvXw==}
    cpu: [arm64]
    os: [linux]
    requiresBuild: true
    dev: false
    optional: true

  /@libsql/linux-x64-gnu@0.3.12:
    resolution: {integrity: sha512-x8+Qo09osyOWs0/+D48Ml+CMlU33yCXznv4PYfQJc1NWA0dcQkSK353raYebH+cJhNIv0RcEz3ltTT3ME+HwAQ==}
    cpu: [x64]
    os: [linux]
    requiresBuild: true
    dev: false
    optional: true

  /@libsql/linux-x64-musl@0.3.12:
    resolution: {integrity: sha512-wY5G8zx727wvg5n/qB4oK357u3HQlz84oNG0XTrKnJVCxqR91Yg6bU+fKsGrvyaGFEqLmZ/Ft0K0pi6Mn/k4vQ==}
    cpu: [x64]
    os: [linux]
    requiresBuild: true
    dev: false
    optional: true

  /@libsql/win32-x64-msvc@0.3.12:
    resolution: {integrity: sha512-ko9Ph0ssQk2rUiNXfbquZ4fXXKb/E47GE6+caA4gNt4+rgFc1ksaffekYwym24Zk4VDYsvAQNOpwgd9baIBzLA==}
    cpu: [x64]
    os: [win32]
    requiresBuild: true
    dev: false
    optional: true

  /@neon-rs/load@0.0.4:
    resolution: {integrity: sha512-kTPhdZyTQxB+2wpiRcFWrDcejc4JI6tkPuS7UZCG4l6Zvc5kU/gGQ/ozvHTh1XR5tS+UlfAfGuPajjzQjCiHCw==}
    dev: false

  /@types/node@20.12.7:
    resolution: {integrity: sha512-wq0cICSkRLVaf3UGLMGItu/PtdY7oaXaI/RVU+xliKVOtRna3PRY57ZDfztpDL0n11vfymMUnXv8QwYCO7L1wg==}
    dependencies:
      undici-types: 5.26.5
    dev: false

  /@types/ws@8.5.10:
    resolution: {integrity: sha512-vmQSUcfalpIq0R9q7uTo2lXs6eGIpt9wtnLdMv9LVpIjCA/+ufZRozlVoVelIYixx1ugCBKDhn89vnsEGOCx9A==}
    dependencies:
      '@types/node': 20.12.7
    dev: false

  /@vercel/edge@0.3.4:
    resolution: {integrity: sha512-dFU+yAUDQRwpuRGxRDlEO1LMq0y1LGsBgkyryQWe4w15/Fy2/lCnpvdIoAhHl3QvIGAxCLHzwRHsqfLRdpxgJQ==}
    dev: false

  /data-uri-to-buffer@4.0.1:
    resolution: {integrity: sha512-0R9ikRb668HB7QDxT1vkpuUBtqc53YyAwMwGeUFKRojY/NWKvdZ+9UYtRfGmhqNbRkTSVpMbmyhXipFFv2cb/A==}
    engines: {node: '>= 12'}
    dev: false

  /detect-libc@2.0.2:
    resolution: {integrity: sha512-UX6sGumvvqSaXgdKGUsgZWqcUyIXZ/vZTrlRT/iobiKhGL0zL4d3osHj3uqllWJK+i+sixDS/3COVEOFbupFyw==}
    engines: {node: '>=8'}
    dev: false

  /drizzle-orm@0.30.8(@libsql/client@0.6.0):
    resolution: {integrity: sha512-9pBJA0IjnpPpzZ6s9jlS1CQAbKoBmbn2GJesPhXaVblAA/joOJ4AWWevYcqvLGj9SvThBAl7WscN8Zwgg5mnTw==}
    peerDependencies:
      '@aws-sdk/client-rds-data': '>=3'
      '@cloudflare/workers-types': '>=3'
      '@electric-sql/pglite': '>=0.1.1'
      '@libsql/client': '*'
      '@neondatabase/serverless': '>=0.1'
      '@op-engineering/op-sqlite': '>=2'
      '@opentelemetry/api': ^1.4.1
      '@planetscale/database': '>=1'
      '@types/better-sqlite3': '*'
      '@types/pg': '*'
      '@types/react': '>=18'
      '@types/sql.js': '*'
      '@vercel/postgres': '>=0.8.0'
      '@xata.io/client': '*'
      better-sqlite3: '>=7'
      bun-types: '*'
      expo-sqlite: '>=13.2.0'
      knex: '*'
      kysely: '*'
      mysql2: '>=2'
      pg: '>=8'
      postgres: '>=3'
      react: '>=18'
      sql.js: '>=1'
      sqlite3: '>=5'
    peerDependenciesMeta:
      '@aws-sdk/client-rds-data':
        optional: true
      '@cloudflare/workers-types':
        optional: true
      '@electric-sql/pglite':
        optional: true
      '@libsql/client':
        optional: true
      '@neondatabase/serverless':
        optional: true
      '@op-engineering/op-sqlite':
        optional: true
      '@opentelemetry/api':
        optional: true
      '@planetscale/database':
        optional: true
      '@types/better-sqlite3':
        optional: true
      '@types/pg':
        optional: true
      '@types/react':
        optional: true
      '@types/sql.js':
        optional: true
      '@vercel/postgres':
        optional: true
      '@xata.io/client':
        optional: true
      better-sqlite3:
        optional: true
      bun-types:
        optional: true
      expo-sqlite:
        optional: true
      knex:
        optional: true
      kysely:
        optional: true
      mysql2:
        optional: true
      pg:
        optional: true
      postgres:
        optional: true
      react:
        optional: true
      sql.js:
        optional: true
      sqlite3:
        optional: true
    dependencies:
      '@libsql/client': 0.6.0
    dev: false

  /fetch-blob@3.2.0:
    resolution: {integrity: sha512-7yAQpD2UMJzLi1Dqv7qFYnPbaPx7ZfFK6PiIxQ4PfkGPyNyl2Ugx+a/umUonmKqjhM4DnfbMvdX6otXq83soQQ==}
    engines: {node: ^12.20 || >= 14.13}
    dependencies:
      node-domexception: 1.0.0
      web-streams-polyfill: 3.3.3
    dev: false

  /formdata-polyfill@4.0.10:
    resolution: {integrity: sha512-buewHzMvYL29jdeQTVILecSaZKnt/RJWjoZCF5OW60Z67/GmSLBkOFM7qh1PI3zFNtJbaZL5eQu1vLfazOwj4g==}
    engines: {node: '>=12.20.0'}
    dependencies:
      fetch-blob: 3.2.0
    dev: false

  /js-base64@3.7.7:
    resolution: {integrity: sha512-7rCnleh0z2CkXhH67J8K1Ytz0b2Y+yxTPL+/KOJoa20hfnVQ/3/T6W/KflYI4bRHRagNeXeU2bkNGI3v1oS/lw==}
    dev: false

  /libsql@0.3.12:
    resolution: {integrity: sha512-to30hj8O3DjS97wpbKN6ERZ8k66MN1IaOfFLR6oHqd25GMiPJ/ZX0VaZ7w+TsPmxcFS3p71qArj/hiedCyvXCg==}
    cpu: [x64, arm64, wasm32]
    os: [darwin, linux, win32]
    dependencies:
      '@neon-rs/load': 0.0.4
      detect-libc: 2.0.2
    optionalDependencies:
      '@libsql/darwin-arm64': 0.3.12
      '@libsql/darwin-x64': 0.3.12
      '@libsql/linux-arm64-gnu': 0.3.12
      '@libsql/linux-arm64-musl': 0.3.12
      '@libsql/linux-x64-gnu': 0.3.12
      '@libsql/linux-x64-musl': 0.3.12
      '@libsql/win32-x64-msvc': 0.3.12
    dev: false

  /node-domexception@1.0.0:
    resolution: {integrity: sha512-/jKZoMpw0F8GRwl4/eLROPA3cfcXtLApP0QzLmUT/HuPCZWyB7IY9ZrMeKw2O/nFIqPQB3PVM9aYm0F312AXDQ==}
    engines: {node: '>=10.5.0'}
    dev: false

  /node-fetch@3.3.2:
    resolution: {integrity: sha512-dRB78srN/l6gqWulah9SrxeYnxeddIG30+GOqK/9OlLVyLg3HPnr6SqOWTWOXKRwC2eGYCkZ59NNuSgvSrpgOA==}
    engines: {node: ^12.20.0 || ^14.13.1 || >=16.0.0}
    dependencies:
      data-uri-to-buffer: 4.0.1
      fetch-blob: 3.2.0
      formdata-polyfill: 4.0.10
    dev: false

  /typescript@5.4.5:
    resolution: {integrity: sha512-vcI4UpRgg81oIRUFwR0WSIHKt11nJ7SAVlYNIu+QpqeyXP+gpQJy/Z4+F0aGxSE4MqwjyXvW/TzgkLAx2AGHwQ==}
    engines: {node: '>=14.17'}
    hasBin: true
    dev: false

  /undici-types@5.26.5:
    resolution: {integrity: sha512-JlCMO+ehdEIKqlFxk6IfVoAUVmgz7cU7zD/h9XZ0qzeosSHmUJVOzSQvvYSYWXkFXC+IfLKSIffhv0sVZup6pA==}
    dev: false

  /web-streams-polyfill@3.3.3:
    resolution: {integrity: sha512-d2JWLCivmZYTSIoge9MsgFCZrt571BikcWGYkjC1khllbTeDlGqZ2D8vD8E/lJa8WGWbb7Plm8/XJYV7IJHZZw==}
    engines: {node: '>= 8'}
    dev: false

  /ws@8.16.0:
    resolution: {integrity: sha512-HS0c//TP7Ina87TfiPUz1rQzMhHrl/SG2guqRcTOIUYD2q8uhUdNHZYJUaQ8aTGPzCh+c6oawMKW35nFl1dxyQ==}
    engines: {node: '>=10.0.0'}
    peerDependencies:
      bufferutil: ^4.0.1
      utf-8-validate: '>=5.0.2'
    peerDependenciesMeta:
      bufferutil:
        optional: true
      utf-8-validate:
        optional: true
    dev: false

  /zod@3.22.4:
    resolution: {integrity: sha512-iC+8Io04lddc+mVqQ9AZ7OQ2MrUKGN+oIQyq1vemgt46jwCwLfhq7/pwnBnNXXXZb8VTVLKwp9EDkx+ryxIWmg==}
    dev: false
